// !$*UTF8*$!
{
	archiveVersion = 1;
	classes = {
	};
	objectVersion = 77;
	objects = {

/* Begin PBXBuildFile section */
		83A7862D2EFB330D0057124D /* AppDelegate.swift in Sources */ = {isa = PBXBuildFile; fileRef = 83A7862C2EFB330D0057124D /* AppDelegate.swift */; };
		83A7862F2EFB333A0057124D /* MainViewController.swift in Sources */ = {isa = PBXBuildFile; fileRef = 83A7862E2EFB333A0057124D /* MainViewController.swift */; };
		83A786312EFB33560057124D /* SDEDocument.swift in Sources */ = {isa = PBXBuildFile; fileRef = 83A786302EFB33560057124D /* SDEDocument.swift */; };
		83A786332EFB343B0057124D /* info.plist in Resources */ = {isa = PBXBuildFile; fileRef = 83A786322EFB343B0057124D /* info.plist */; };
		83A7863C2EFB383D0057124D /* Model.swift in Sources */ = {isa = PBXBuildFile; fileRef = 83A7863B2EFB383D0057124D /* Model.swift */; };
		83A7863E2EFB385F0057124D /* DictionaryOutlineViewController.swift in Sources */ = {isa = PBXBuildFile; fileRef = 83A7863D2EFB385F0057124D /* DictionaryOutlineViewController.swift */; };
		83A786412EFB41850057124D /* Main.swift in Sources */ = {isa = PBXBuildFile; fileRef = 83A786402EFB41850057124D /* Main.swift */; };
		83A786432EFB42270057124D /* DictionaryPreviewVM.swift in Sources */ = {isa = PBXBuildFile; fileRef = 83A786422EFB42270057124D /* DictionaryPreviewVM.swift */; };
		83A786452EFB425C0057124D /* DictionaryPreview.swift in Sources */ = {isa = PBXBuildFile; fileRef = 83A786442EFB425C0057124D /* DictionaryPreview.swift */; };
		83A786472EFB44140057124D /* Parser.swift in Sources */ = {isa = PBXBuildFile; fileRef = 83A786462EFB44140057124D /* Parser.swift */; };
		83A7864B2EFB6FCA0057124D /* .gitignore in Resources */ = {isa = PBXBuildFile; fileRef = 83A7864A2EFB6FCA0057124D /* .gitignore */; };
		83A7864D2EFB70300057124D /* README.md in Resources */ = {isa = PBXBuildFile; fileRef = 83A7864C2EFB70300057124D /* README.md */; };
		83A7864F2EFB7A9B0057124D /* SDEFWriter.swift in Sources */ = {isa = PBXBuildFile; fileRef = 83A7864E2EFB7A9B0057124D /* SDEFWriter.swift */; };
/* End PBXBuildFile section */

/* Begin PBXFileReference section */
		83A786192EFB32BF0057124D /* AppleScriptDictionaryManager.app */ = {isa = PBXFileReference; explicitFileType = wrapper.application; includeInIndex = 0; path = AppleScriptDictionaryManager.app; sourceTree = BUILT_PRODUCTS_DIR; };
		83A7862C2EFB330D0057124D /* AppDelegate.swift */ = {isa = PBXFileReference; lastKnownFileType = sourcecode.swift; path = AppDelegate.swift; sourceTree = "<group>"; };
		83A7862E2EFB333A0057124D /* MainViewController.swift */ = {isa = PBXFileReference; lastKnownFileType = sourcecode.swift; path = MainViewController.swift; sourceTree = "<group>"; };
		83A786302EFB33560057124D /* SDEDocument.swift */ = {isa = PBXFileReference; lastKnownFileType = sourcecode.swift; path = SDEDocument.swift; sourceTree = "<group>"; };
		83A786322EFB343B0057124D /* info.plist */ = {isa = PBXFileReference; lastKnownFileType = text.plist.xml; path = info.plist; sourceTree = "<group>"; };
		83A7863B2EFB383D0057124D /* Model.swift */ = {isa = PBXFileReference; lastKnownFileType = sourcecode.swift; path = Model.swift; sourceTree = "<group>"; };
		83A7863D2EFB385F0057124D /* DictionaryOutlineViewController.swift */ = {isa = PBXFileReference; lastKnownFileType = sourcecode.swift; path = DictionaryOutlineViewController.swift; sourceTree = "<group>"; };
		83A786402EFB41850057124D /* Main.swift */ = {isa = PBXFileReference; lastKnownFileType = sourcecode.swift; path = Main.swift; sourceTree = "<group>"; };
		83A786422EFB42270057124D /* DictionaryPreviewVM.swift */ = {isa = PBXFileReference; lastKnownFileType = sourcecode.swift; path = DictionaryPreviewVM.swift; sourceTree = "<group>"; };
		83A786442EFB425C0057124D /* DictionaryPreview.swift */ = {isa = PBXFileReference; lastKnownFileType = sourcecode.swift; path = DictionaryPreview.swift; sourceTree = "<group>"; };
		83A786462EFB44140057124D /* Parser.swift */ = {isa = PBXFileReference; lastKnownFileType = sourcecode.swift; path = Parser.swift; sourceTree = "<group>"; };
		83A7864A2EFB6FCA0057124D /* .gitignore */ = {isa = PBXFileReference; lastKnownFileType = text; name = .gitignore; path = ../.gitignore; sourceTree = SOURCE_ROOT; };
		83A7864C2EFB70300057124D /* README.md */ = {isa = PBXFileReference; lastKnownFileType = net.daringfireball.markdown; path = README.md; sourceTree = "<group>"; };
		83A7864E2EFB7A9B0057124D /* SDEFWriter.swift */ = {isa = PBXFileReference; lastKnownFileType = sourcecode.swift; path = SDEFWriter.swift; sourceTree = "<group>"; };
/* End PBXFileReference section */

/* Begin PBXFileSystemSynchronizedBuildFileExceptionSet section */
		83A786492EFB5ADE0057124D /* Exceptions for "AppleScriptDictionaryManager" folder in "AppleScriptDictionaryManager" target */ = {
			isa = PBXFileSystemSynchronizedBuildFileExceptionSet;
			membershipExceptions = (
				Info.plist,
			);
			target = 83A786182EFB32BF0057124D /* AppleScriptDictionaryManager */;
		};
/* End PBXFileSystemSynchronizedBuildFileExceptionSet section */

/* Begin PBXFileSystemSynchronizedRootGroup section */
		83A7861B2EFB32C00057124D /* AppleScriptDictionaryManager */ = {
			isa = PBXFileSystemSynchronizedRootGroup;
			exceptions = (
				83A786492EFB5ADE0057124D /* Exceptions for "AppleScriptDictionaryManager" folder in "AppleScriptDictionaryManager" target */,
			);
			path = AppleScriptDictionaryManager;
			sourceTree = "<group>";
		};
/* End PBXFileSystemSynchronizedRootGroup section */

/* Begin PBXFrameworksBuildPhase section */
		83A786162EFB32BF0057124D /* Frameworks */ = {
			isa = PBXFrameworksBuildPhase;
			buildActionMask = 2147483647;
			files = (
			);
			runOnlyForDeploymentPostprocessing = 0;
		};
/* End PBXFrameworksBuildPhase section */

/* Begin PBXGroup section */
		83A786102EFB32BF0057124D = {
			isa = PBXGroup;
			children = (
				83A7864C2EFB70300057124D /* README.md */,
				83A7864A2EFB6FCA0057124D /* .gitignore */,
				83A7862B2EFB32E20057124D /* Resources */,
				83A7862A2EFB32D60057124D /* Sources */,
				83A7861B2EFB32C00057124D /* AppleScriptDictionaryManager */,
				83A7861A2EFB32BF0057124D /* Products */,
			);
			sourceTree = "<group>";
		};
		83A7861A2EFB32BF0057124D /* Products */ = {
			isa = PBXGroup;
			children = (
				83A786192EFB32BF0057124D /* AppleScriptDictionaryManager.app */,
			);
			name = Products;
			sourceTree = "<group>";
		};
		83A7862A2EFB32D60057124D /* Sources */ = {
			isa = PBXGroup;
			children = (
				83A7862C2EFB330D0057124D /* AppDelegate.swift */,
				83A7863D2EFB385F0057124D /* DictionaryOutlineViewController.swift */,
				83A786422EFB42270057124D /* DictionaryPreviewVM.swift */,
				83A786442EFB425C0057124D /* DictionaryPreview.swift */,
				83A786402EFB41850057124D /* Main.swift */,
				83A7862E2EFB333A0057124D /* MainViewController.swift */,
				83A7863B2EFB383D0057124D /* Model.swift */,
				83A786462EFB44140057124D /* Parser.swift */,
				83A786302EFB33560057124D /* SDEDocument.swift */,
				83A7864E2EFB7A9B0057124D /* SDEFWriter.swift */,
			);
			path = Sources;
			sourceTree = "<group>";
		};
		83A7862B2EFB32E20057124D /* Resources */ = {
			isa = PBXGroup;
			children = (
				83A786322EFB343B0057124D /* info.plist */,
			);
			path = Resources;
			sourceTree = "<group>";
		};
/* End PBXGroup section */

/* Begin PBXNativeTarget section */
		83A786182EFB32BF0057124D /* AppleScriptDictionaryManager */ = {
			isa = PBXNativeTarget;
			buildConfigurationList = 83A786272EFB32C10057124D /* Build configuration list for PBXNativeTarget "AppleScriptDictionaryManager" */;
			buildPhases = (
				83A786152EFB32BF0057124D /* Sources */,
				83A786162EFB32BF0057124D /* Frameworks */,
				83A786172EFB32BF0057124D /* Resources */,
			);
			buildRules = (
			);
			dependencies = (
			);
			fileSystemSynchronizedGroups = (
				83A7861B2EFB32C00057124D /* AppleScriptDictionaryManager */,
			);
			name = AppleScriptDictionaryManager;
			packageProductDependencies = (
			);
			productName = AppleScriptDictionaryManager;
			productReference = 83A786192EFB32BF0057124D /* AppleScriptDictionaryManager.app */;
			productType = "com.apple.product-type.application";
		};
/* End PBXNativeTarget section */

/* Begin PBXProject section */
		83A786112EFB32BF0057124D /* Project object */ = {
			isa = PBXProject;
			attributes = {
				BuildIndependentTargetsInParallel = 1;
				LastSwiftUpdateCheck = 2620;
				LastUpgradeCheck = 2620;
				TargetAttributes = {
					83A786182EFB32BF0057124D = {
						CreatedOnToolsVersion = 26.2;
					};
				};
			};
			buildConfigurationList = 83A786142EFB32BF0057124D /* Build configuration list for PBXProject "AppleScriptDictionaryManager" */;
			developmentRegion = en;
			hasScannedForEncodings = 0;
			knownRegions = (
				en,
				Base,
			);
			mainGroup = 83A786102EFB32BF0057124D;
			minimizedProjectReferenceProxies = 1;
			preferredProjectObjectVersion = 77;
			productRefGroup = 83A7861A2EFB32BF0057124D /* Products */;
			projectDirPath = "";
			projectRoot = "";
			targets = (
				83A786182EFB32BF0057124D /* AppleScriptDictionaryManager */,
			);
		};
/* End PBXProject section */

/* Begin PBXResourcesBuildPhase section */
		83A786172EFB32BF0057124D /* Resources */ = {
			isa = PBXResourcesBuildPhase;
			buildActionMask = 2147483647;
			files = (
				83A7864B2EFB6FCA0057124D /* .gitignore in Resources */,
				83A7864D2EFB70300057124D /* README.md in Resources */,
				83A786332EFB343B0057124D /* info.plist in Resources */,
			);
			runOnlyForDeploymentPostprocessing = 0;
		};
/* End PBXResourcesBuildPhase section */

/* Begin PBXSourcesBuildPhase section */
		83A786152EFB32BF0057124D /* Sources */ = {
			isa = PBXSourcesBuildPhase;
			buildActionMask = 2147483647;
			files = (
				83A786412EFB41850057124D /* Main.swift in Sources */,
				83A786432EFB42270057124D /* DictionaryPreviewVM.swift in Sources */,
				83A786452EFB425C0057124D /* DictionaryPreview.swift in Sources */,
				83A7863C2EFB383D0057124D /* Model.swift in Sources */,
				83A7862D2EFB330D0057124D /* AppDelegate.swift in Sources */,
				83A786472EFB44140057124D /* Parser.swift in Sources */,
				83A786312EFB33560057124D /* SDEDocument.swift in Sources */,
				83A7863E2EFB385F0057124D /* DictionaryOutlineViewController.swift in Sources */,
				83A7864F2EFB7A9B0057124D /* SDEFWriter.swift in Sources */,
				83A7862F2EFB333A0057124D /* MainViewController.swift in Sources */,
			);
			runOnlyForDeploymentPostprocessing = 0;
		};
/* End PBXSourcesBuildPhase section */

/* Begin XCBuildConfiguration section */
		83A786252EFB32C10057124D /* Debug */ = {
			isa = XCBuildConfiguration;
			buildSettings = {
				ALWAYS_SEARCH_USER_PATHS = NO;
				ASSETCATALOG_COMPILER_GENERATE_SWIFT_ASSET_SYMBOL_EXTENSIONS = YES;
				CLANG_ANALYZER_NONNULL = YES;
				CLANG_ANALYZER_NUMBER_OBJECT_CONVERSION = YES_AGGRESSIVE;
				CLANG_CXX_LANGUAGE_STANDARD = "gnu++20";
				CLANG_ENABLE_MODULES = YES;
				CLANG_ENABLE_OBJC_ARC = YES;
				CLANG_ENABLE_OBJC_WEAK = YES;
				CLANG_WARN_BLOCK_CAPTURE_AUTORELEASING = YES;
				CLANG_WARN_BOOL_CONVERSION = YES;
				CLANG_WARN_COMMA = YES;
				CLANG_WARN_CONSTANT_CONVERSION = YES;
				CLANG_WARN_DEPRECATED_OBJC_IMPLEMENTATIONS = YES;
				CLANG_WARN_DIRECT_OBJC_ISA_USAGE = YES_ERROR;
				CLANG_WARN_DOCUMENTATION_COMMENTS = YES;
				CLANG_WARN_EMPTY_BODY = YES;
				CLANG_WARN_ENUM_CONVERSION = YES;
				CLANG_WARN_INFINITE_RECURSION = YES;
				CLANG_WARN_INT_CONVERSION = YES;
				CLANG_WARN_NON_LITERAL_NULL_CONVERSION = YES;
				CLANG_WARN_OBJC_IMPLICIT_RETAIN_SELF = YES;
				CLANG_WARN_OBJC_LITERAL_CONVERSION = YES;
				CLANG_WARN_OBJC_ROOT_CLASS = YES_ERROR;
				CLANG_WARN_QUOTED_INCLUDE_IN_FRAMEWORK_HEADER = YES;
				CLANG_WARN_RANGE_LOOP_ANALYSIS = YES;
				CLANG_WARN_STRICT_PROTOTYPES = YES;
				CLANG_WARN_SUSPICIOUS_MOVE = YES;
				CLANG_WARN_UNGUARDED_AVAILABILITY = YES_AGGRESSIVE;
				CLANG_WARN_UNREACHABLE_CODE = YES;
				CLANG_WARN__DUPLICATE_METHOD_MATCH = YES;
				COPY_PHASE_STRIP = NO;
				DEBUG_INFORMATION_FORMAT = dwarf;
				DEVELOPMENT_TEAM = 2JJNKVL7R4;
				ENABLE_STRICT_OBJC_MSGSEND = YES;
				ENABLE_TESTABILITY = YES;
				ENABLE_USER_SCRIPT_SANDBOXING = YES;
				GCC_C_LANGUAGE_STANDARD = gnu17;
				GCC_DYNAMIC_NO_PIC = NO;
				GCC_NO_COMMON_BLOCKS = YES;
				GCC_OPTIMIZATION_LEVEL = 0;
				GCC_PREPROCESSOR_DEFINITIONS = (
					"DEBUG=1",
					"$(inherited)",
				);
				GCC_WARN_64_TO_32_BIT_CONVERSION = YES;
				GCC_WARN_ABOUT_RETURN_TYPE = YES_ERROR;
				GCC_WARN_UNDECLARED_SELECTOR = YES;
				GCC_WARN_UNINITIALIZED_AUTOS = YES_AGGRESSIVE;
				GCC_WARN_UNUSED_FUNCTION = YES;
				GCC_WARN_UNUSED_VARIABLE = YES;
				LOCALIZATION_PREFERS_STRING_CATALOGS = YES;
				MACOSX_DEPLOYMENT_TARGET = 15.7;
				MTL_ENABLE_DEBUG_INFO = INCLUDE_SOURCE;
				MTL_FAST_MATH = YES;
				ONLY_ACTIVE_ARCH = YES;
				SDKROOT = macosx;
				SWIFT_ACTIVE_COMPILATION_CONDITIONS = "DEBUG $(inherited)";
				SWIFT_OPTIMIZATION_LEVEL = "-Onone";
			};
			name = Debug;
		};
		83A786262EFB32C10057124D /* Release */ = {
			isa = XCBuildConfiguration;
			buildSettings = {
				ALWAYS_SEARCH_USER_PATHS = NO;
				ASSETCATALOG_COMPILER_GENERATE_SWIFT_ASSET_SYMBOL_EXTENSIONS = YES;
				CLANG_ANALYZER_NONNULL = YES;
				CLANG_ANALYZER_NUMBER_OBJECT_CONVERSION = YES_AGGRESSIVE;
				CLANG_CXX_LANGUAGE_STANDARD = "gnu++20";
				CLANG_ENABLE_MODULES = YES;
				CLANG_ENABLE_OBJC_ARC = YES;
				CLANG_ENABLE_OBJC_WEAK = YES;
				CLANG_WARN_BLOCK_CAPTURE_AUTORELEASING = YES;
				CLANG_WARN_BOOL_CONVERSION = YES;
				CLANG_WARN_COMMA = YES;
				CLANG_WARN_CONSTANT_CONVERSION = YES;
				CLANG_WARN_DEPRECATED_OBJC_IMPLEMENTATIONS = YES;
				CLANG_WARN_DIRECT_OBJC_ISA_USAGE = YES_ERROR;
				CLANG_WARN_DOCUMENTATION_COMMENTS = YES;
				CLANG_WARN_EMPTY_BODY = YES;
				CLANG_WARN_ENUM_CONVERSION = YES;
				CLANG_WARN_INFINITE_RECURSION = YES;
				CLANG_WARN_INT_CONVERSION = YES;
				CLANG_WARN_NON_LITERAL_NULL_CONVERSION = YES;
				CLANG_WARN_OBJC_IMPLICIT_RETAIN_SELF = YES;
				CLANG_WARN_OBJC_LITERAL_CONVERSION = YES;
				CLANG_WARN_OBJC_ROOT_CLASS = YES_ERROR;
				CLANG_WARN_QUOTED_INCLUDE_IN_FRAMEWORK_HEADER = YES;
				CLANG_WARN_RANGE_LOOP_ANALYSIS = YES;
				CLANG_WARN_STRICT_PROTOTYPES = YES;
				CLANG_WARN_SUSPICIOUS_MOVE = YES;
				CLANG_WARN_UNGUARDED_AVAILABILITY = YES_AGGRESSIVE;
				CLANG_WARN_UNREACHABLE_CODE = YES;
				CLANG_WARN__DUPLICATE_METHOD_MATCH = YES;
				COPY_PHASE_STRIP = NO;
				DEBUG_INFORMATION_FORMAT = "dwarf-with-dsym";
				DEVELOPMENT_TEAM = 2JJNKVL7R4;
				ENABLE_NS_ASSERTIONS = NO;
				ENABLE_STRICT_OBJC_MSGSEND = YES;
				ENABLE_USER_SCRIPT_SANDBOXING = YES;
				GCC_C_LANGUAGE_STANDARD = gnu17;
				GCC_NO_COMMON_BLOCKS = YES;
				GCC_WARN_64_TO_32_BIT_CONVERSION = YES;
				GCC_WARN_ABOUT_RETURN_TYPE = YES_ERROR;
				GCC_WARN_UNDECLARED_SELECTOR = YES;
				GCC_WARN_UNINITIALIZED_AUTOS = YES_AGGRESSIVE;
				GCC_WARN_UNUSED_FUNCTION = YES;
				GCC_WARN_UNUSED_VARIABLE = YES;
				LOCALIZATION_PREFERS_STRING_CATALOGS = YES;
				MACOSX_DEPLOYMENT_TARGET = 15.7;
				MTL_ENABLE_DEBUG_INFO = NO;
				MTL_FAST_MATH = YES;
				SDKROOT = macosx;
				SWIFT_COMPILATION_MODE = wholemodule;
			};
			name = Release;
		};
		83A786282EFB32C10057124D /* Debug */ = {
			isa = XCBuildConfiguration;
			buildSettings = {
				ASSETCATALOG_COMPILER_APPICON_NAME = AppIcon;
				ASSETCATALOG_COMPILER_GLOBAL_ACCENT_COLOR_NAME = AccentColor;
				CODE_SIGN_STYLE = Automatic;
				COMBINE_HIDPI_IMAGES = YES;
				CURRENT_PROJECT_VERSION = 1;
				DEVELOPMENT_TEAM = 2JJNKVL7R4;
				ENABLE_APP_SANDBOX = YES;
				ENABLE_HARDENED_RUNTIME = YES;
				ENABLE_USER_SELECTED_FILES = readonly;
				GENERATE_INFOPLIST_FILE = YES;
				INFOPLIST_FILE = AppleScriptDictionaryManager/Info.plist;
				INFOPLIST_KEY_NSHumanReadableCopyright = "";
				INFOPLIST_KEY_NSMainStoryboardFile = "";
				INFOPLIST_KEY_NSPrincipalClass = NSApplication;
				LD_RUNPATH_SEARCH_PATHS = (
					"$(inherited)",
					"@executable_path/../Frameworks",
				);
				MARKETING_VERSION = 1.0;
				PRODUCT_BUNDLE_IDENTIFIER = com.Stockly.AppleScriptDictionaryManager;
				PRODUCT_NAME = "$(TARGET_NAME)";
				REGISTER_APP_GROUPS = YES;
				STRING_CATALOG_GENERATE_SYMBOLS = YES;
				SWIFT_APPROACHABLE_CONCURRENCY = YES;
				SWIFT_DEFAULT_ACTOR_ISOLATION = MainActor;
				SWIFT_EMIT_LOC_STRINGS = YES;
				SWIFT_UPCOMING_FEATURE_MEMBER_IMPORT_VISIBILITY = YES;
				SWIFT_VERSION = 5.0;
			};
			name = Debug;
		};
		83A786292EFB32C10057124D /* Release */ = {
			isa = XCBuildConfiguration;
			buildSettings = {
				ASSETCATALOG_COMPILER_APPICON_NAME = AppIcon;
				ASSETCATALOG_COMPILER_GLOBAL_ACCENT_COLOR_NAME = AccentColor;
				CODE_SIGN_STYLE = Automatic;
				COMBINE_HIDPI_IMAGES = YES;
				CURRENT_PROJECT_VERSION = 1;
				DEVELOPMENT_TEAM = 2JJNKVL7R4;
				ENABLE_APP_SANDBOX = YES;
				ENABLE_HARDENED_RUNTIME = YES;
				ENABLE_USER_SELECTED_FILES = readonly;
				GENERATE_INFOPLIST_FILE = YES;
				INFOPLIST_FILE = AppleScriptDictionaryManager/Info.plist;
				INFOPLIST_KEY_NSHumanReadableCopyright = "";
				INFOPLIST_KEY_NSMainStoryboardFile = "";
				INFOPLIST_KEY_NSPrincipalClass = NSApplication;
				LD_RUNPATH_SEARCH_PATHS = (
					"$(inherited)",
					"@executable_path/../Frameworks",
				);
				MARKETING_VERSION = 1.0;
				PRODUCT_BUNDLE_IDENTIFIER = com.Stockly.AppleScriptDictionaryManager;
				PRODUCT_NAME = "$(TARGET_NAME)";
				REGISTER_APP_GROUPS = YES;
				STRING_CATALOG_GENERATE_SYMBOLS = YES;
				SWIFT_APPROACHABLE_CONCURRENCY = YES;
				SWIFT_DEFAULT_ACTOR_ISOLATION = MainActor;
				SWIFT_EMIT_LOC_STRINGS = YES;
				SWIFT_UPCOMING_FEATURE_MEMBER_IMPORT_VISIBILITY = YES;
				SWIFT_VERSION = 5.0;
			};
			name = Release;
		};
/* End XCBuildConfiguration section */

/* Begin XCConfigurationList section */
		83A786142EFB32BF0057124D /* Build configuration list for PBXProject "AppleScriptDictionaryManager" */ = {
			isa = XCConfigurationList;
			buildConfigurations = (
				83A786252EFB32C10057124D /* Debug */,
				83A786262EFB32C10057124D /* Release */,
			);
			defaultConfigurationIsVisible = 0;
			defaultConfigurationName = Release;
		};
		83A786272EFB32C10057124D /* Build configuration list for PBXNativeTarget "AppleScriptDictionaryManager" */ = {
			isa = XCConfigurationList;
			buildConfigurations = (
				83A786282EFB32C10057124D /* Debug */,
				83A786292EFB32C10057124D /* Release */,
			);
			defaultConfigurationIsVisible = 0;
			defaultConfigurationName = Release;
		};
/* End XCConfigurationList section */
	};
	rootObject = 83A786112EFB32BF0057124D /* Project object */;
}
